
Microsoft Visual Studio Solution File, Format Version 12.00
# Visual Studio Version 16
VisualStudioVersion = 16.0.32802.440
MinimumVisualStudioVersion = 10.0.40219.1
Project("{FAE04EC0-301F-11D3-BF4B-00C04F79EFBC}") = "CSClass2", "CSClass2\CSClass2.csproj", "{8107EDB7-9181-4108-8701-7B74009EF382}"
EndProject
Global
	GlobalSection(SolutionConfigurationPlatforms) = preSolution
		Debug|Any CPU = Debug|Any CPU
		Release|Any CPU = Release|Any CPU
	EndGlobalSection
	GlobalSection(ProjectConfigurationPlatforms) = postSolution
		{8107EDB7-9181-4108-8701-7B74009EF382}.Debug|Any CPU.ActiveCfg = Debug|Any CPU
		{8107EDB7-9181-4108-8701-7B74009EF382}.Debug|Any CPU.Build.0 = Debug|Any CPU
		{8107EDB7-9181-4108-8701-7B74009EF382}.Release|Any CPU.ActiveCfg = Release|Any CPU
		{8107EDB7-9181-4108-8701-7B74009EF382}.Release|Any CPU.Build.0 = Release|Any CPU
	EndGlobalSection
	GlobalSection(SolutionProperties) = preSolution
		HideSolutionNode = FALSE
	EndGlobalSection
	GlobalSection(ExtensibilityGlobals) = postSolution
		SolutionGuid = {128083D0-8BB4-41CC-A014-0534013E6A79}
	EndGlobalSection
EndGlobal
